
Microsoft Visual Studio Solution File, Format Version 12.00
# Visual Studio Version 17
VisualStudioVersion = 17.2.32630.192
MinimumVisualStudioVersion = 10.0.40219.1
Project("{FAE04EC0-301F-11D3-BF4B-00C04F79EFBC}") = "DividedByIntApplication", "DividedByIntApplication\DividedByIntApplication.csproj", "{66D3E04A-E7C5-4080-A2D2-091275366BF3}"
EndProject
Project("{FAE04EC0-301F-11D3-BF4B-00C04F79EFBC}") = "DivideByIntUnitTest", "DivideByIntUnitTest\DivideByIntUnitTest.csproj", "{42004471-83E5-4D24-B0BF-08FD78B7384A}"
EndProject
Global
	GlobalSection(SolutionConfigurationPlatforms) = preSolution
		Debug|Any CPU = Debug|Any CPU
		Release|Any CPU = Release|Any CPU
	EndGlobalSection
	GlobalSection(ProjectConfigurationPlatforms) = postSolution
		{66D3E04A-E7C5-4080-A2D2-091275366BF3}.Debug|Any CPU.ActiveCfg = Debug|Any CPU
		{66D3E04A-E7C5-4080-A2D2-091275366BF3}.Debug|Any CPU.Build.0 = Debug|Any CPU
		{66D3E04A-E7C5-4080-A2D2-091275366BF3}.Release|Any CPU.ActiveCfg = Release|Any CPU
		{66D3E04A-E7C5-4080-A2D2-091275366BF3}.Release|Any CPU.Build.0 = Release|Any CPU
		{42004471-83E5-4D24-B0BF-08FD78B7384A}.Debug|Any CPU.ActiveCfg = Debug|Any CPU
		{42004471-83E5-4D24-B0BF-08FD78B7384A}.Debug|Any CPU.Build.0 = Debug|Any CPU
		{42004471-83E5-4D24-B0BF-08FD78B7384A}.Release|Any CPU.ActiveCfg = Release|Any CPU
		{42004471-83E5-4D24-B0BF-08FD78B7384A}.Release|Any CPU.Build.0 = Release|Any CPU
	EndGlobalSection
	GlobalSection(SolutionProperties) = preSolution
		HideSolutionNode = FALSE
	EndGlobalSection
	GlobalSection(ExtensibilityGlobals) = postSolution
		SolutionGuid = {EE37CF30-8D3C-4EE2-9808-B5E61D9EDF9E}
	EndGlobalSection
EndGlobal
